
Microsoft Visual Studio Solution File, Format Version 12.00
# Visual Studio Version 17
VisualStudioVersion = 17.3.32825.248
MinimumVisualStudioVersion = 10.0.40219.1
Project("{FAE04EC0-301F-11D3-BF4B-00C04F79EFBC}") = "DMAHelper", "DMAHelper\DMAHelper.csproj", "{E2E8B9DD-5299-434F-925E-52301A9BA941}"
EndProject
Global
	GlobalSection(SolutionConfigurationPlatforms) = preSolution
		Debug|Any CPU = Debug|Any CPU
		Debug|x64 = Debug|x64
		Release|Any CPU = Release|Any CPU
		Release|x64 = Release|x64
	EndGlobalSection
	GlobalSection(ProjectConfigurationPlatforms) = postSolution
		{E2E8B9DD-5299-434F-925E-52301A9BA941}.Debug|Any CPU.ActiveCfg = Debug|Any CPU
		{E2E8B9DD-5299-434F-925E-52301A9BA941}.Debug|Any CPU.Build.0 = Debug|Any CPU
		{E2E8B9DD-5299-434F-925E-52301A9BA941}.Debug|x64.ActiveCfg = Debug|x64
		{E2E8B9DD-5299-434F-925E-52301A9BA941}.Debug|x64.Build.0 = Debug|x64
		{E2E8B9DD-5299-434F-925E-52301A9BA941}.Release|Any CPU.ActiveCfg = Release|Any CPU
		{E2E8B9DD-5299-434F-925E-52301A9BA941}.Release|Any CPU.Build.0 = Release|Any CPU
		{E2E8B9DD-5299-434F-925E-52301A9BA941}.Release|x64.ActiveCfg = Release|x64
		{E2E8B9DD-5299-434F-925E-52301A9BA941}.Release|x64.Build.0 = Release|x64
	EndGlobalSection
	GlobalSection(SolutionProperties) = preSolution
		HideSolutionNode = FALSE
	EndGlobalSection
	GlobalSection(ExtensibilityGlobals) = postSolution
		SolutionGuid = {2FC20FA7-C5E2-4A99-B9DC-CFA46DBEE289}
	EndGlobalSection
EndGlobal
